<?xml version="1.0" encoding="utf-8"?>
<Project ToolsVersion="4.0" xmlns="http://schemas.microsoft.com/developer/msbuild/2003">
  <ItemGroup>
    <Filter Include="Source Files">
      <UniqueIdentifier>{4FC737F1-C7A5-4376-A066-2A32D752A2FF}</UniqueIdentifier>
      <Extensions>cpp;c;cc;cxx;c++;cppm;ixx;def;odl;idl;hpj;bat;asm;asmx</Extensions>
    </Filter>
    <Filter Include="Header Files">
      <UniqueIdentifier>{93995380-89BD-4b04-88EB-625FBE52EBFB}</UniqueIdentifier>
      <Extensions>h;hh;hpp;hxx;h++;hm;inl;inc;ipp;xsd</Extensions>
    </Filter>
    <Filter Include="Resource Files">
      <UniqueIdentifier>{67DA6AB6-F800-4c08-8B7A-83BB121AAD01}</UniqueIdentifier>
      <Extensions>rc;ico;cur;bmp;dlg;rc2;rct;bin;rgs;gif;jpg;jpeg;jpe;resx;tiff;tif;png;wav;mfcribbon-ms</Extensions>
    </Filter>
  </ItemGroup>
  <ItemGroup>
    <ClCompile Include="src\Bishop.cpp">
      <Filter>Source Files</Filter>
    </ClCompile>
    <ClCompile Include="src\Bitboard.cpp">
      <Filter>Source Files</Filter>
    </ClCompile>
    <ClCompile Include="src\ChessBoard.cpp">
      <Filter>Source Files</Filter>
    </ClCompile>
    <ClCompile Include="src\ChessPiece.cpp">
      <Filter>Source Files</Filter>
    </ClCompile>
    <ClCompile Include="src\Functions.cpp">
      <Filter>Source Files</Filter>
    </ClCompile>
    <ClCompile Include="src\King.cpp">
      <Filter>Source Files</Filter>
    </ClCompile>
    <ClCompile Include="src\Knight.cpp">
      <Filter>Source Files</Filter>
    </ClCompile>
    <ClCompile Include="src\main.cpp">
      <Filter>Source Files</Filter>
    </ClCompile>
    <ClCompile Include="src\Pawn.cpp">
      <Filter>Source Files</Filter>
    </ClCompile>
    <ClCompile Include="src\Play.cpp">
      <Filter>Source Files</Filter>
    </ClCompile>
    <ClCompile Include="src\Queen.cpp">
      <Filter>Source Files</Filter>
    </ClCompile>
    <ClCompile Include="src\Rook.cpp">
      <Filter>Source Files</Filter>
    </ClCompile>
    <ClCompile Include="src\PromotionClicker.cpp">
      <Filter>Source Files</Filter>
    </ClCompile>
    <ClCompile Include="src\PGN.cpp">
      <Filter>Source Files</Filter>
    </ClCompile>
    <ClCompile Include="src\TextureManager.cpp">
      <Filter>Source Files</Filter>
    </ClCompile>
    <ClCompile Include="src\Move.cpp">
      <Filter>Source Files</Filter>
    </ClCompile>
  </ItemGroup>
  <ItemGroup>
    <None Include="x64\Debug\Chess Engine.exe.recipe" />
    <None Include="x64\Debug\sfml-audio-3.dll" />
    <None Include="x64\Debug\sfml-audio-d-3.dll" />
    <None Include="x64\Debug\sfml-graphics-3.dll" />
    <None Include="x64\Debug\sfml-graphics-d-3.dll" />
    <None Include="x64\Debug\sfml-network-3.dll" />
    <None Include="x64\Debug\sfml-network-d-3.dll" />
    <None Include="x64\Debug\sfml-system-3.dll" />
    <None Include="x64\Debug\sfml-system-d-3.dll" />
    <None Include="x64\Debug\sfml-window-3.dll" />
    <None Include="x64\Debug\sfml-window-d-3.dll" />
  </ItemGroup>
  <ItemGroup>
    <Text Include="x64\Debug\Chess Engine.log" />
  </ItemGroup>
  <ItemGroup>
    <Image Include="Sprites\WhitePawn.png">
      <Filter>Resource Files</Filter>
    </Image>
    <Image Include="Assets\WhiteBishop.png">
      <Filter>Resource Files</Filter>
    </Image>
    <Image Include="Assets\WhiteKnight.png">
      <Filter>Resource Files</Filter>
    </Image>
    <Image Include="Assets\WhitePawn.png">
      <Filter>Resource Files</Filter>
    </Image>
    <Image Include="Assets\WhiteRook.png">
      <Filter>Resource Files</Filter>
    </Image>
    <Image Include="Assets\WhiteQueen.png">
      <Filter>Resource Files</Filter>
    </Image>
    <Image Include="Assets\WhiteKing.png">
      <Filter>Resource Files</Filter>
    </Image>
    <Image Include="Assets\BlackPawn.png">
      <Filter>Resource Files</Filter>
    </Image>
    <Image Include="Assets\BlackKnight.png">
      <Filter>Resource Files</Filter>
    </Image>
    <Image Include="Assets\BlackBishop.png">
      <Filter>Resource Files</Filter>
    </Image>
    <Image Include="Assets\BlackRook.png">
      <Filter>Resource Files</Filter>
    </Image>
    <Image Include="Assets\BlackQueen.png">
      <Filter>Resource Files</Filter>
    </Image>
    <Image Include="Assets\BlackKing.png">
      <Filter>Resource Files</Filter>
    </Image>
  </ItemGroup>
  <ItemGroup>
    <ClInclude Include="src\Bishop.h">
      <Filter>Header Files</Filter>
    </ClInclude>
    <ClInclude Include="src\Bitboard.h">
      <Filter>Header Files</Filter>
    </ClInclude>
    <ClInclude Include="src\ChessBoard.h">
      <Filter>Header Files</Filter>
    </ClInclude>
    <ClInclude Include="src\ChessPiece.h">
      <Filter>Header Files</Filter>
    </ClInclude>
    <ClInclude Include="src\Functions.h">
      <Filter>Header Files</Filter>
    </ClInclude>
    <ClInclude Include="src\King.h">
      <Filter>Header Files</Filter>
    </ClInclude>
    <ClInclude Include="src\Knight.h">
      <Filter>Header Files</Filter>
    </ClInclude>
    <ClInclude Include="src\Pawn.h">
      <Filter>Header Files</Filter>
    </ClInclude>
    <ClInclude Include="src\Play.h">
      <Filter>Header Files</Filter>
    </ClInclude>
    <ClInclude Include="src\Queen.h">
      <Filter>Header Files</Filter>
    </ClInclude>
    <ClInclude Include="src\Rook.h">
      <Filter>Header Files</Filter>
    </ClInclude>
    <ClInclude Include="src\PromotionClicker.h">
      <Filter>Header Files</Filter>
    </ClInclude>
    <ClInclude Include="src\PGN.h">
      <Filter>Header Files</Filter>
    </ClInclude>
    <ClInclude Include="src\TextureManager.h">
      <Filter>Header Files</Filter>
    </ClInclude>
    <ClInclude Include="src\Move.h">
      <Filter>Header Files</Filter>
    </ClInclude>
  </ItemGroup>
</Project>